
Microsoft Visual Studio Solution File, Format Version 12.00
# Visual Studio Version 16
VisualStudioVersion = 16.0.30621.155
MinimumVisualStudioVersion = 10.0.40219.1
Project("{FAE04EC0-301F-11D3-BF4B-00C04F79EFBC}") = "project", "project\project.csproj", "{866E1D00-E55B-4ACF-ACC1-7BCC6ED84E8B}"
EndProject
Global
	GlobalSection(SolutionConfigurationPlatforms) = preSolution
		Debug|Any CPU = Debug|Any CPU
		Release|Any CPU = Release|Any CPU
	EndGlobalSection
	GlobalSection(ProjectConfigurationPlatforms) = postSolution
		{866E1D00-E55B-4ACF-ACC1-7BCC6ED84E8B}.Debug|Any CPU.ActiveCfg = Debug|Any CPU
		{866E1D00-E55B-4ACF-ACC1-7BCC6ED84E8B}.Debug|Any CPU.Build.0 = Debug|Any CPU
		{866E1D00-E55B-4ACF-ACC1-7BCC6ED84E8B}.Release|Any CPU.ActiveCfg = Release|Any CPU
		{866E1D00-E55B-4ACF-ACC1-7BCC6ED84E8B}.Release|Any CPU.Build.0 = Release|Any CPU
	EndGlobalSection
	GlobalSection(SolutionProperties) = preSolution
		HideSolutionNode = FALSE
	EndGlobalSection
	GlobalSection(ExtensibilityGlobals) = postSolution
		SolutionGuid = {0878DD83-5A64-43D1-815A-0937A79A1BA0}
	EndGlobalSection
EndGlobal
